// !$*UTF8*$!
{
	archiveVersion = 1;
	classes = {
	};
	objectVersion = 55;
	objects = {

/* Begin PBXBuildFile section */
		8841336028A744C700F888DD /* RoundedContactCard.swift in Sources */ = {isa = PBXBuildFile; fileRef = 8841335F28A744C700F888DD /* RoundedContactCard.swift */; };
		8841336228A74A0B00F888DD /* HomeTabView.swift in Sources */ = {isa = PBXBuildFile; fileRef = 8841336128A74A0B00F888DD /* HomeTabView.swift */; };
		8841336428A74A1800F888DD /* ActivitiesView.swift in Sources */ = {isa = PBXBuildFile; fileRef = 8841336328A74A1800F888DD /* ActivitiesView.swift */; };
		8841336628A74ADC00F888DD /* ResourcesView.swift in Sources */ = {isa = PBXBuildFile; fileRef = 8841336528A74ADC00F888DD /* ResourcesView.swift */; };
		8841336B28A8185900F888DD /* SignInView.swift in Sources */ = {isa = PBXBuildFile; fileRef = 8841336A28A8185900F888DD /* SignInView.swift */; };
		88439A5D28AFED0300C0C3FE /* Club.swift in Sources */ = {isa = PBXBuildFile; fileRef = 88439A5C28AFED0300C0C3FE /* Club.swift */; };
		88439A5F28AFED9500C0C3FE /* clubs.json in Resources */ = {isa = PBXBuildFile; fileRef = 88439A5E28AFED9500C0C3FE /* clubs.json */; };
		88439A6128AFF40B00C0C3FE /* ClubView.swift in Sources */ = {isa = PBXBuildFile; fileRef = 88439A6028AFF40B00C0C3FE /* ClubView.swift */; };
		884B5F1428A43DFC0022745E /* PhoeniKZApp.swift in Sources */ = {isa = PBXBuildFile; fileRef = 884B5F1328A43DFC0022745E /* PhoeniKZApp.swift */; };
		884B5F1628A43DFC0022745E /* HomeView.swift in Sources */ = {isa = PBXBuildFile; fileRef = 884B5F1528A43DFC0022745E /* HomeView.swift */; };
		884B5F1828A43E000022745E /* Assets.xcassets in Resources */ = {isa = PBXBuildFile; fileRef = 884B5F1728A43E000022745E /* Assets.xcassets */; };
		884B5F1B28A43E000022745E /* Preview Assets.xcassets in Resources */ = {isa = PBXBuildFile; fileRef = 884B5F1A28A43E000022745E /* Preview Assets.xcassets */; };
		88732F6128A5FDDE00C9C8BD /* ImageBar.swift in Sources */ = {isa = PBXBuildFile; fileRef = 88732F6028A5FDDE00C9C8BD /* ImageBar.swift */; };
		8891924528A6F5D100A1CB0A /* LeadingWideCard.swift in Sources */ = {isa = PBXBuildFile; fileRef = 8891924428A6F5D100A1CB0A /* LeadingWideCard.swift */; };
		8891924928A6F99800A1CB0A /* CenteredWideCard.swift in Sources */ = {isa = PBXBuildFile; fileRef = 8891924828A6F99800A1CB0A /* CenteredWideCard.swift */; };
		889390E228A4AB8D005E88C0 /* NavigationBar.swift in Sources */ = {isa = PBXBuildFile; fileRef = 889390E128A4AB8D005E88C0 /* NavigationBar.swift */; };
		889390E428A4B62F005E88C0 /* Event.swift in Sources */ = {isa = PBXBuildFile; fileRef = 889390E328A4B62F005E88C0 /* Event.swift */; };
		889390E728A4B6C8005E88C0 /* faculty.json in Resources */ = {isa = PBXBuildFile; fileRef = 889390E628A4B6C8005E88C0 /* faculty.json */; };
		889390E928A4B858005E88C0 /* Manager.swift in Sources */ = {isa = PBXBuildFile; fileRef = 889390E828A4B858005E88C0 /* Manager.swift */; };
		889390EB28A4B8BF005E88C0 /* DataService.swift in Sources */ = {isa = PBXBuildFile; fileRef = 889390EA28A4B8BF005E88C0 /* DataService.swift */; };
		8895193528A95EB100264026 /* FacultyListView.swift in Sources */ = {isa = PBXBuildFile; fileRef = 8895193428A95EB100264026 /* FacultyListView.swift */; };
		8895193728A9CF1800264026 /* categories.json in Resources */ = {isa = PBXBuildFile; fileRef = 8895193628A9CF1800264026 /* categories.json */; };
		8895193928A9CF2700264026 /* Category.swift in Sources */ = {isa = PBXBuildFile; fileRef = 8895193828A9CF2700264026 /* Category.swift */; };
		88993C6228A84CED00D1BF47 /* EventDetailView.swift in Sources */ = {isa = PBXBuildFile; fileRef = 88993C6128A84CED00D1BF47 /* EventDetailView.swift */; };
		88993C6428A8999500D1BF47 /* Faculty.swift in Sources */ = {isa = PBXBuildFile; fileRef = 88993C6328A8999500D1BF47 /* Faculty.swift */; };
		88993C6628A89A5400D1BF47 /* events.json in Resources */ = {isa = PBXBuildFile; fileRef = 88993C6528A89A5400D1BF47 /* events.json */; };
		88993C6828A8AD7F00D1BF47 /* PhoenixPostView.swift in Sources */ = {isa = PBXBuildFile; fileRef = 88993C6728A8AD7F00D1BF47 /* PhoenixPostView.swift */; };
		88993C6A28A8BF5800D1BF47 /* PhoenixPost.swift in Sources */ = {isa = PBXBuildFile; fileRef = 88993C6928A8BF5800D1BF47 /* PhoenixPost.swift */; };
		88993C6C28A8C07300D1BF47 /* phoenixpost.json in Resources */ = {isa = PBXBuildFile; fileRef = 88993C6B28A8C07300D1BF47 /* phoenixpost.json */; };
		88A2986F28A4404800E2A2B5 /* HomeViewCard.swift in Sources */ = {isa = PBXBuildFile; fileRef = 88A2986E28A4404800E2A2B5 /* HomeViewCard.swift */; };
		88A7E22B28A4C0760052F5C5 /* TeacherView.swift in Sources */ = {isa = PBXBuildFile; fileRef = 88A7E22A28A4C0760052F5C5 /* TeacherView.swift */; };
		88A7E22D28A4C33C0052F5C5 /* FacultyCard.swift in Sources */ = {isa = PBXBuildFile; fileRef = 88A7E22C28A4C33C0052F5C5 /* FacultyCard.swift */; };
/* End PBXBuildFile section */

/* Begin PBXFileReference section */
		8841335F28A744C700F888DD /* RoundedContactCard.swift */ = {isa = PBXFileReference; lastKnownFileType = sourcecode.swift; path = RoundedContactCard.swift; sourceTree = "<group>"; };
		8841336128A74A0B00F888DD /* HomeTabView.swift */ = {isa = PBXFileReference; lastKnownFileType = sourcecode.swift; path = HomeTabView.swift; sourceTree = "<group>"; };
		8841336328A74A1800F888DD /* ActivitiesView.swift */ = {isa = PBXFileReference; lastKnownFileType = sourcecode.swift; path = ActivitiesView.swift; sourceTree = "<group>"; };
		8841336528A74ADC00F888DD /* ResourcesView.swift */ = {isa = PBXFileReference; lastKnownFileType = sourcecode.swift; path = ResourcesView.swift; sourceTree = "<group>"; };
		8841336A28A8185900F888DD /* SignInView.swift */ = {isa = PBXFileReference; lastKnownFileType = sourcecode.swift; path = SignInView.swift; sourceTree = "<group>"; };
		88439A5C28AFED0300C0C3FE /* Club.swift */ = {isa = PBXFileReference; lastKnownFileType = sourcecode.swift; path = Club.swift; sourceTree = "<group>"; };
		88439A5E28AFED9500C0C3FE /* clubs.json */ = {isa = PBXFileReference; lastKnownFileType = text.json; path = clubs.json; sourceTree = "<group>"; };
		88439A6028AFF40B00C0C3FE /* ClubView.swift */ = {isa = PBXFileReference; lastKnownFileType = sourcecode.swift; path = ClubView.swift; sourceTree = "<group>"; };
		884B5F1028A43DFC0022745E /* PhoeniKZ.app */ = {isa = PBXFileReference; explicitFileType = wrapper.application; includeInIndex = 0; path = PhoeniKZ.app; sourceTree = BUILT_PRODUCTS_DIR; };
		884B5F1328A43DFC0022745E /* PhoeniKZApp.swift */ = {isa = PBXFileReference; lastKnownFileType = sourcecode.swift; path = PhoeniKZApp.swift; sourceTree = "<group>"; };
		884B5F1528A43DFC0022745E /* HomeView.swift */ = {isa = PBXFileReference; lastKnownFileType = sourcecode.swift; path = HomeView.swift; sourceTree = "<group>"; };
		884B5F1728A43E000022745E /* Assets.xcassets */ = {isa = PBXFileReference; lastKnownFileType = folder.assetcatalog; path = Assets.xcassets; sourceTree = "<group>"; };
		884B5F1A28A43E000022745E /* Preview Assets.xcassets */ = {isa = PBXFileReference; lastKnownFileType = folder.assetcatalog; path = "Preview Assets.xcassets"; sourceTree = "<group>"; };
		88732F6028A5FDDE00C9C8BD /* ImageBar.swift */ = {isa = PBXFileReference; lastKnownFileType = sourcecode.swift; path = ImageBar.swift; sourceTree = "<group>"; };
		8891924428A6F5D100A1CB0A /* LeadingWideCard.swift */ = {isa = PBXFileReference; lastKnownFileType = sourcecode.swift; path = LeadingWideCard.swift; sourceTree = "<group>"; };
		8891924828A6F99800A1CB0A /* CenteredWideCard.swift */ = {isa = PBXFileReference; lastKnownFileType = sourcecode.swift; path = CenteredWideCard.swift; sourceTree = "<group>"; };
		889390E128A4AB8D005E88C0 /* NavigationBar.swift */ = {isa = PBXFileReference; lastKnownFileType = sourcecode.swift; path = NavigationBar.swift; sourceTree = "<group>"; };
		889390E328A4B62F005E88C0 /* Event.swift */ = {isa = PBXFileReference; lastKnownFileType = sourcecode.swift; path = Event.swift; sourceTree = "<group>"; };
		889390E628A4B6C8005E88C0 /* faculty.json */ = {isa = PBXFileReference; lastKnownFileType = text.json; path = faculty.json; sourceTree = "<group>"; };
		889390E828A4B858005E88C0 /* Manager.swift */ = {isa = PBXFileReference; lastKnownFileType = sourcecode.swift; path = Manager.swift; sourceTree = "<group>"; };
		889390EA28A4B8BF005E88C0 /* DataService.swift */ = {isa = PBXFileReference; lastKnownFileType = sourcecode.swift; path = DataService.swift; sourceTree = "<group>"; };
		8895193428A95EB100264026 /* FacultyListView.swift */ = {isa = PBXFileReference; lastKnownFileType = sourcecode.swift; path = FacultyListView.swift; sourceTree = "<group>"; };
		8895193628A9CF1800264026 /* categories.json */ = {isa = PBXFileReference; lastKnownFileType = text.json; path = categories.json; sourceTree = "<group>"; };
		8895193828A9CF2700264026 /* Category.swift */ = {isa = PBXFileReference; lastKnownFileType = sourcecode.swift; path = Category.swift; sourceTree = "<group>"; };
		88993C6128A84CED00D1BF47 /* EventDetailView.swift */ = {isa = PBXFileReference; lastKnownFileType = sourcecode.swift; path = EventDetailView.swift; sourceTree = "<group>"; };
		88993C6328A8999500D1BF47 /* Faculty.swift */ = {isa = PBXFileReference; lastKnownFileType = sourcecode.swift; path = Faculty.swift; sourceTree = "<group>"; };
		88993C6528A89A5400D1BF47 /* events.json */ = {isa = PBXFileReference; lastKnownFileType = text.json; path = events.json; sourceTree = "<group>"; };
		88993C6728A8AD7F00D1BF47 /* PhoenixPostView.swift */ = {isa = PBXFileReference; lastKnownFileType = sourcecode.swift; path = PhoenixPostView.swift; sourceTree = "<group>"; };
		88993C6928A8BF5800D1BF47 /* PhoenixPost.swift */ = {isa = PBXFileReference; lastKnownFileType = sourcecode.swift; path = PhoenixPost.swift; sourceTree = "<group>"; };
		88993C6B28A8C07300D1BF47 /* phoenixpost.json */ = {isa = PBXFileReference; lastKnownFileType = text.json; path = phoenixpost.json; sourceTree = "<group>"; };
		88A2986E28A4404800E2A2B5 /* HomeViewCard.swift */ = {isa = PBXFileReference; lastKnownFileType = sourcecode.swift; path = HomeViewCard.swift; sourceTree = "<group>"; };
		88A7E22A28A4C0760052F5C5 /* TeacherView.swift */ = {isa = PBXFileReference; lastKnownFileType = sourcecode.swift; path = TeacherView.swift; sourceTree = "<group>"; };
		88A7E22C28A4C33C0052F5C5 /* FacultyCard.swift */ = {isa = PBXFileReference; lastKnownFileType = sourcecode.swift; path = FacultyCard.swift; sourceTree = "<group>"; };
/* End PBXFileReference section */

/* Begin PBXFrameworksBuildPhase section */
		884B5F0D28A43DFC0022745E /* Frameworks */ = {
			isa = PBXFrameworksBuildPhase;
			buildActionMask = 2147483647;
			files = (
			);
			runOnlyForDeploymentPostprocessing = 0;
		};
/* End PBXFrameworksBuildPhase section */

/* Begin PBXGroup section */
		8841336728A80CA400F888DD /* DetailViews */ = {
			isa = PBXGroup;
			children = (
				88993C6128A84CED00D1BF47 /* EventDetailView.swift */,
				88A7E22A28A4C0760052F5C5 /* TeacherView.swift */,
				8841336A28A8185900F888DD /* SignInView.swift */,
				88993C6728A8AD7F00D1BF47 /* PhoenixPostView.swift */,
				8895193428A95EB100264026 /* FacultyListView.swift */,
				88439A6028AFF40B00C0C3FE /* ClubView.swift */,
			);
			path = DetailViews;
			sourceTree = "<group>";
		};
		8841336828A80CB000F888DD /* MainViews */ = {
			isa = PBXGroup;
			children = (
			);
			path = MainViews;
			sourceTree = "<group>";
		};
		884B5F0728A43DFC0022745E = {
			isa = PBXGroup;
			children = (
				884B5F1228A43DFC0022745E /* PhoeniKZ */,
				884B5F1128A43DFC0022745E /* Products */,
			);
			sourceTree = "<group>";
		};
		884B5F1128A43DFC0022745E /* Products */ = {
			isa = PBXGroup;
			children = (
				884B5F1028A43DFC0022745E /* PhoeniKZ.app */,
			);
			name = Products;
			sourceTree = "<group>";
		};
		884B5F1228A43DFC0022745E /* PhoeniKZ */ = {
			isa = PBXGroup;
			children = (
				884B5F1328A43DFC0022745E /* PhoeniKZApp.swift */,
				8841336128A74A0B00F888DD /* HomeTabView.swift */,
				884B5F2128A43E900022745E /* Views */,
				884B5F2228A43E940022745E /* ViewModels */,
				884B5F2328A43E980022745E /* Models */,
				884B5F2428A43EA10022745E /* Helpers */,
				889390E528A4B6A1005E88C0 /* Data */,
				884B5F1728A43E000022745E /* Assets.xcassets */,
				884B5F1928A43E000022745E /* Preview Content */,
			);
			path = PhoeniKZ;
			sourceTree = "<group>";
		};
		884B5F1928A43E000022745E /* Preview Content */ = {
			isa = PBXGroup;
			children = (
				884B5F1A28A43E000022745E /* Preview Assets.xcassets */,
			);
			path = "Preview Content";
			sourceTree = "<group>";
		};
		884B5F2128A43E900022745E /* Views */ = {
			isa = PBXGroup;
			children = (
				8841336828A80CB000F888DD /* MainViews */,
				884B5F1528A43DFC0022745E /* HomeView.swift */,
				8841336328A74A1800F888DD /* ActivitiesView.swift */,
				8841336528A74ADC00F888DD /* ResourcesView.swift */,
				8841336728A80CA400F888DD /* DetailViews */,
				88A2986D28A4402700E2A2B5 /* Reusables */,
			);
			path = Views;
			sourceTree = "<group>";
		};
		884B5F2228A43E940022745E /* ViewModels */ = {
			isa = PBXGroup;
			children = (
				889390E828A4B858005E88C0 /* Manager.swift */,
			);
			path = ViewModels;
			sourceTree = "<group>";
		};
		884B5F2328A43E980022745E /* Models */ = {
			isa = PBXGroup;
			children = (
				889390E328A4B62F005E88C0 /* Event.swift */,
				88993C6328A8999500D1BF47 /* Faculty.swift */,
				88993C6928A8BF5800D1BF47 /* PhoenixPost.swift */,
				8895193828A9CF2700264026 /* Category.swift */,
				88439A5C28AFED0300C0C3FE /* Club.swift */,
			);
			path = Models;
			sourceTree = "<group>";
		};
		884B5F2428A43EA10022745E /* Helpers */ = {
			isa = PBXGroup;
			children = (
				889390EA28A4B8BF005E88C0 /* DataService.swift */,
			);
			path = Helpers;
			sourceTree = "<group>";
		};
		8891924628A6F62F00A1CB0A /* Bars */ = {
			isa = PBXGroup;
			children = (
				889390E128A4AB8D005E88C0 /* NavigationBar.swift */,
				88732F6028A5FDDE00C9C8BD /* ImageBar.swift */,
			);
			path = Bars;
			sourceTree = "<group>";
		};
		8891924728A6F63400A1CB0A /* Cards */ = {
			isa = PBXGroup;
			children = (
				88A7E22C28A4C33C0052F5C5 /* FacultyCard.swift */,
				88A2986E28A4404800E2A2B5 /* HomeViewCard.swift */,
				8891924428A6F5D100A1CB0A /* LeadingWideCard.swift */,
				8891924828A6F99800A1CB0A /* CenteredWideCard.swift */,
				8841335F28A744C700F888DD /* RoundedContactCard.swift */,
			);
			path = Cards;
			sourceTree = "<group>";
		};
		889390E528A4B6A1005E88C0 /* Data */ = {
			isa = PBXGroup;
			children = (
				889390E628A4B6C8005E88C0 /* faculty.json */,
				88993C6528A89A5400D1BF47 /* events.json */,
				88993C6B28A8C07300D1BF47 /* phoenixpost.json */,
				8895193628A9CF1800264026 /* categories.json */,
				88439A5E28AFED9500C0C3FE /* clubs.json */,
			);
			path = Data;
			sourceTree = "<group>";
		};
		88A2986D28A4402700E2A2B5 /* Reusables */ = {
			isa = PBXGroup;
			children = (
				8891924728A6F63400A1CB0A /* Cards */,
				8891924628A6F62F00A1CB0A /* Bars */,
			);
			path = Reusables;
			sourceTree = "<group>";
		};
/* End PBXGroup section */

/* Begin PBXNativeTarget section */
		884B5F0F28A43DFC0022745E /* PhoeniKZ */ = {
			isa = PBXNativeTarget;
			buildConfigurationList = 884B5F1E28A43E000022745E /* Build configuration list for PBXNativeTarget "PhoeniKZ" */;
			buildPhases = (
				884B5F0C28A43DFC0022745E /* Sources */,
				884B5F0D28A43DFC0022745E /* Frameworks */,
				884B5F0E28A43DFC0022745E /* Resources */,
			);
			buildRules = (
			);
			dependencies = (
			);
			name = PhoeniKZ;
			productName = PhoeniKZ;
			productReference = 884B5F1028A43DFC0022745E /* PhoeniKZ.app */;
			productType = "com.apple.product-type.application";
		};
/* End PBXNativeTarget section */

/* Begin PBXProject section */
		884B5F0828A43DFC0022745E /* Project object */ = {
			isa = PBXProject;
			attributes = {
				BuildIndependentTargetsInParallel = 1;
				LastSwiftUpdateCheck = 1340;
				LastUpgradeCheck = 1340;
				TargetAttributes = {
					884B5F0F28A43DFC0022745E = {
						CreatedOnToolsVersion = 13.4.1;
					};
				};
			};
			buildConfigurationList = 884B5F0B28A43DFC0022745E /* Build configuration list for PBXProject "PhoeniKZ" */;
			compatibilityVersion = "Xcode 13.0";
			developmentRegion = en;
			hasScannedForEncodings = 0;
			knownRegions = (
				en,
				Base,
			);
			mainGroup = 884B5F0728A43DFC0022745E;
			productRefGroup = 884B5F1128A43DFC0022745E /* Products */;
			projectDirPath = "";
			projectRoot = "";
			targets = (
				884B5F0F28A43DFC0022745E /* PhoeniKZ */,
			);
		};
/* End PBXProject section */

/* Begin PBXResourcesBuildPhase section */
		884B5F0E28A43DFC0022745E /* Resources */ = {
			isa = PBXResourcesBuildPhase;
			buildActionMask = 2147483647;
			files = (
				88993C6628A89A5400D1BF47 /* events.json in Resources */,
				8895193728A9CF1800264026 /* categories.json in Resources */,
				884B5F1B28A43E000022745E /* Preview Assets.xcassets in Resources */,
				88439A5F28AFED9500C0C3FE /* clubs.json in Resources */,
				88993C6C28A8C07300D1BF47 /* phoenixpost.json in Resources */,
				889390E728A4B6C8005E88C0 /* faculty.json in Resources */,
				884B5F1828A43E000022745E /* Assets.xcassets in Resources */,
			);
			runOnlyForDeploymentPostprocessing = 0;
		};
/* End PBXResourcesBuildPhase section */

/* Begin PBXSourcesBuildPhase section */
		884B5F0C28A43DFC0022745E /* Sources */ = {
			isa = PBXSourcesBuildPhase;
			buildActionMask = 2147483647;
			files = (
				88993C6428A8999500D1BF47 /* Faculty.swift in Sources */,
				889390E428A4B62F005E88C0 /* Event.swift in Sources */,
				88993C6228A84CED00D1BF47 /* EventDetailView.swift in Sources */,
				889390EB28A4B8BF005E88C0 /* DataService.swift in Sources */,
				88993C6828A8AD7F00D1BF47 /* PhoenixPostView.swift in Sources */,
				8891924928A6F99800A1CB0A /* CenteredWideCard.swift in Sources */,
				8891924528A6F5D100A1CB0A /* LeadingWideCard.swift in Sources */,
				8841336628A74ADC00F888DD /* ResourcesView.swift in Sources */,
				8895193528A95EB100264026 /* FacultyListView.swift in Sources */,
				8841336228A74A0B00F888DD /* HomeTabView.swift in Sources */,
				8841336B28A8185900F888DD /* SignInView.swift in Sources */,
				88439A6128AFF40B00C0C3FE /* ClubView.swift in Sources */,
				889390E928A4B858005E88C0 /* Manager.swift in Sources */,
				88A7E22B28A4C0760052F5C5 /* TeacherView.swift in Sources */,
				88A2986F28A4404800E2A2B5 /* HomeViewCard.swift in Sources */,
				8895193928A9CF2700264026 /* Category.swift in Sources */,
				884B5F1628A43DFC0022745E /* HomeView.swift in Sources */,
				8841336428A74A1800F888DD /* ActivitiesView.swift in Sources */,
				8841336028A744C700F888DD /* RoundedContactCard.swift in Sources */,
				88993C6A28A8BF5800D1BF47 /* PhoenixPost.swift in Sources */,
				88439A5D28AFED0300C0C3FE /* Club.swift in Sources */,
				884B5F1428A43DFC0022745E /* PhoeniKZApp.swift in Sources */,
				889390E228A4AB8D005E88C0 /* NavigationBar.swift in Sources */,
				88A7E22D28A4C33C0052F5C5 /* FacultyCard.swift in Sources */,
				88732F6128A5FDDE00C9C8BD /* ImageBar.swift in Sources */,
			);
			runOnlyForDeploymentPostprocessing = 0;
		};
/* End PBXSourcesBuildPhase section */

/* Begin XCBuildConfiguration section */
		884B5F1C28A43E000022745E /* Debug */ = {
			isa = XCBuildConfiguration;
			buildSettings = {
				ALWAYS_SEARCH_USER_PATHS = NO;
				CLANG_ANALYZER_NONNULL = YES;
				CLANG_ANALYZER_NUMBER_OBJECT_CONVERSION = YES_AGGRESSIVE;
				CLANG_CXX_LANGUAGE_STANDARD = "gnu++17";
				CLANG_ENABLE_MODULES = YES;
				CLANG_ENABLE_OBJC_ARC = YES;
				CLANG_ENABLE_OBJC_WEAK = YES;
				CLANG_WARN_BLOCK_CAPTURE_AUTORELEASING = YES;
				CLANG_WARN_BOOL_CONVERSION = YES;
				CLANG_WARN_COMMA = YES;
				CLANG_WARN_CONSTANT_CONVERSION = YES;
				CLANG_WARN_DEPRECATED_OBJC_IMPLEMENTATIONS = YES;
				CLANG_WARN_DIRECT_OBJC_ISA_USAGE = YES_ERROR;
				CLANG_WARN_DOCUMENTATION_COMMENTS = YES;
				CLANG_WARN_EMPTY_BODY = YES;
				CLANG_WARN_ENUM_CONVERSION = YES;
				CLANG_WARN_INFINITE_RECURSION = YES;
				CLANG_WARN_INT_CONVERSION = YES;
				CLANG_WARN_NON_LITERAL_NULL_CONVERSION = YES;
				CLANG_WARN_OBJC_IMPLICIT_RETAIN_SELF = YES;
				CLANG_WARN_OBJC_LITERAL_CONVERSION = YES;
				CLANG_WARN_OBJC_ROOT_CLASS = YES_ERROR;
				CLANG_WARN_QUOTED_INCLUDE_IN_FRAMEWORK_HEADER = YES;
				CLANG_WARN_RANGE_LOOP_ANALYSIS = YES;
				CLANG_WARN_STRICT_PROTOTYPES = YES;
				CLANG_WARN_SUSPICIOUS_MOVE = YES;
				CLANG_WARN_UNGUARDED_AVAILABILITY = YES_AGGRESSIVE;
				CLANG_WARN_UNREACHABLE_CODE = YES;
				CLANG_WARN__DUPLICATE_METHOD_MATCH = YES;
				COPY_PHASE_STRIP = NO;
				DEBUG_INFORMATION_FORMAT = dwarf;
				ENABLE_STRICT_OBJC_MSGSEND = YES;
				ENABLE_TESTABILITY = YES;
				GCC_C_LANGUAGE_STANDARD = gnu11;
				GCC_DYNAMIC_NO_PIC = NO;
				GCC_NO_COMMON_BLOCKS = YES;
				GCC_OPTIMIZATION_LEVEL = 0;
				GCC_PREPROCESSOR_DEFINITIONS = (
					"DEBUG=1",
					"$(inherited)",
				);
				GCC_WARN_64_TO_32_BIT_CONVERSION = YES;
				GCC_WARN_ABOUT_RETURN_TYPE = YES_ERROR;
				GCC_WARN_UNDECLARED_SELECTOR = YES;
				GCC_WARN_UNINITIALIZED_AUTOS = YES_AGGRESSIVE;
				GCC_WARN_UNUSED_FUNCTION = YES;
				GCC_WARN_UNUSED_VARIABLE = YES;
				IPHONEOS_DEPLOYMENT_TARGET = 15.5;
				MTL_ENABLE_DEBUG_INFO = INCLUDE_SOURCE;
				MTL_FAST_MATH = YES;
				ONLY_ACTIVE_ARCH = YES;
				SDKROOT = iphoneos;
				SWIFT_ACTIVE_COMPILATION_CONDITIONS = DEBUG;
				SWIFT_OPTIMIZATION_LEVEL = "-Onone";
			};
			name = Debug;
		};
		884B5F1D28A43E000022745E /* Release */ = {
			isa = XCBuildConfiguration;
			buildSettings = {
				ALWAYS_SEARCH_USER_PATHS = NO;
				CLANG_ANALYZER_NONNULL = YES;
				CLANG_ANALYZER_NUMBER_OBJECT_CONVERSION = YES_AGGRESSIVE;
				CLANG_CXX_LANGUAGE_STANDARD = "gnu++17";
				CLANG_ENABLE_MODULES = YES;
				CLANG_ENABLE_OBJC_ARC = YES;
				CLANG_ENABLE_OBJC_WEAK = YES;
				CLANG_WARN_BLOCK_CAPTURE_AUTORELEASING = YES;
				CLANG_WARN_BOOL_CONVERSION = YES;
				CLANG_WARN_COMMA = YES;
				CLANG_WARN_CONSTANT_CONVERSION = YES;
				CLANG_WARN_DEPRECATED_OBJC_IMPLEMENTATIONS = YES;
				CLANG_WARN_DIRECT_OBJC_ISA_USAGE = YES_ERROR;
				CLANG_WARN_DOCUMENTATION_COMMENTS = YES;
				CLANG_WARN_EMPTY_BODY = YES;
				CLANG_WARN_ENUM_CONVERSION = YES;
				CLANG_WARN_INFINITE_RECURSION = YES;
				CLANG_WARN_INT_CONVERSION = YES;
				CLANG_WARN_NON_LITERAL_NULL_CONVERSION = YES;
				CLANG_WARN_OBJC_IMPLICIT_RETAIN_SELF = YES;
				CLANG_WARN_OBJC_LITERAL_CONVERSION = YES;
				CLANG_WARN_OBJC_ROOT_CLASS = YES_ERROR;
				CLANG_WARN_QUOTED_INCLUDE_IN_FRAMEWORK_HEADER = YES;
				CLANG_WARN_RANGE_LOOP_ANALYSIS = YES;
				CLANG_WARN_STRICT_PROTOTYPES = YES;
				CLANG_WARN_SUSPICIOUS_MOVE = YES;
				CLANG_WARN_UNGUARDED_AVAILABILITY = YES_AGGRESSIVE;
				CLANG_WARN_UNREACHABLE_CODE = YES;
				CLANG_WARN__DUPLICATE_METHOD_MATCH = YES;
				COPY_PHASE_STRIP = NO;
				DEBUG_INFORMATION_FORMAT = "dwarf-with-dsym";
				ENABLE_NS_ASSERTIONS = NO;
				ENABLE_STRICT_OBJC_MSGSEND = YES;
				GCC_C_LANGUAGE_STANDARD = gnu11;
				GCC_NO_COMMON_BLOCKS = YES;
				GCC_WARN_64_TO_32_BIT_CONVERSION = YES;
				GCC_WARN_ABOUT_RETURN_TYPE = YES_ERROR;
				GCC_WARN_UNDECLARED_SELECTOR = YES;
				GCC_WARN_UNINITIALIZED_AUTOS = YES_AGGRESSIVE;
				GCC_WARN_UNUSED_FUNCTION = YES;
				GCC_WARN_UNUSED_VARIABLE = YES;
				IPHONEOS_DEPLOYMENT_TARGET = 15.5;
				MTL_ENABLE_DEBUG_INFO = NO;
				MTL_FAST_MATH = YES;
				SDKROOT = iphoneos;
				SWIFT_COMPILATION_MODE = wholemodule;
				SWIFT_OPTIMIZATION_LEVEL = "-O";
				VALIDATE_PRODUCT = YES;
			};
			name = Release;
		};
		884B5F1F28A43E000022745E /* Debug */ = {
			isa = XCBuildConfiguration;
			buildSettings = {
				ASSETCATALOG_COMPILER_APPICON_NAME = AppIcon;
				ASSETCATALOG_COMPILER_GLOBAL_ACCENT_COLOR_NAME = AccentColor;
				CODE_SIGN_STYLE = Automatic;
				CURRENT_PROJECT_VERSION = 1;
				DEVELOPMENT_ASSET_PATHS = "\"PhoeniKZ/Preview Content\"";
				DEVELOPMENT_TEAM = N82GPL4DV7;
				ENABLE_PREVIEWS = YES;
				GENERATE_INFOPLIST_FILE = YES;
				INFOPLIST_KEY_UIApplicationSceneManifest_Generation = YES;
				INFOPLIST_KEY_UIApplicationSupportsIndirectInputEvents = YES;
				INFOPLIST_KEY_UILaunchScreen_Generation = YES;
				INFOPLIST_KEY_UISupportedInterfaceOrientations_iPad = "UIInterfaceOrientationPortrait UIInterfaceOrientationPortraitUpsideDown UIInterfaceOrientationLandscapeLeft UIInterfaceOrientationLandscapeRight";
				INFOPLIST_KEY_UISupportedInterfaceOrientations_iPhone = "UIInterfaceOrientationPortrait UIInterfaceOrientationLandscapeLeft UIInterfaceOrientationLandscapeRight";
				IPHONEOS_DEPLOYMENT_TARGET = 15.5;
				LD_RUNPATH_SEARCH_PATHS = (
					"$(inherited)",
					"@executable_path/Frameworks",
				);
				MARKETING_VERSION = 1.0;
				PRODUCT_BUNDLE_IDENTIFIER = com.KadenZheng.PhoeniKZ;
				PRODUCT_NAME = "$(TARGET_NAME)";
				SWIFT_EMIT_LOC_STRINGS = YES;
				SWIFT_VERSION = 5.0;
				TARGETED_DEVICE_FAMILY = "1,2";
			};
			name = Debug;
		};
		884B5F2028A43E000022745E /* Release */ = {
			isa = XCBuildConfiguration;
			buildSettings = {
				ASSETCATALOG_COMPILER_APPICON_NAME = AppIcon;
				ASSETCATALOG_COMPILER_GLOBAL_ACCENT_COLOR_NAME = AccentColor;
				CODE_SIGN_STYLE = Automatic;
				CURRENT_PROJECT_VERSION = 1;
				DEVELOPMENT_ASSET_PATHS = "\"PhoeniKZ/Preview Content\"";
				DEVELOPMENT_TEAM = N82GPL4DV7;
				ENABLE_PREVIEWS = YES;
				GENERATE_INFOPLIST_FILE = YES;
				INFOPLIST_KEY_UIApplicationSceneManifest_Generation = YES;
				INFOPLIST_KEY_UIApplicationSupportsIndirectInputEvents = YES;
				INFOPLIST_KEY_UILaunchScreen_Generation = YES;
				INFOPLIST_KEY_UISupportedInterfaceOrientations_iPad = "UIInterfaceOrientationPortrait UIInterfaceOrientationPortraitUpsideDown UIInterfaceOrientationLandscapeLeft UIInterfaceOrientationLandscapeRight";
				INFOPLIST_KEY_UISupportedInterfaceOrientations_iPhone = "UIInterfaceOrientationPortrait UIInterfaceOrientationLandscapeLeft UIInterfaceOrientationLandscapeRight";
				IPHONEOS_DEPLOYMENT_TARGET = 15.5;
				LD_RUNPATH_SEARCH_PATHS = (
					"$(inherited)",
					"@executable_path/Frameworks",
				);
				MARKETING_VERSION = 1.0;
				PRODUCT_BUNDLE_IDENTIFIER = com.KadenZheng.PhoeniKZ;
				PRODUCT_NAME = "$(TARGET_NAME)";
				SWIFT_EMIT_LOC_STRINGS = YES;
				SWIFT_VERSION = 5.0;
				TARGETED_DEVICE_FAMILY = "1,2";
			};
			name = Release;
		};
/* End XCBuildConfiguration section */

/* Begin XCConfigurationList section */
		884B5F0B28A43DFC0022745E /* Build configuration list for PBXProject "PhoeniKZ" */ = {
			isa = XCConfigurationList;
			buildConfigurations = (
				884B5F1C28A43E000022745E /* Debug */,
				884B5F1D28A43E000022745E /* Release */,
			);
			defaultConfigurationIsVisible = 0;
			defaultConfigurationName = Release;
		};
		884B5F1E28A43E000022745E /* Build configuration list for PBXNativeTarget "PhoeniKZ" */ = {
			isa = XCConfigurationList;
			buildConfigurations = (
				884B5F1F28A43E000022745E /* Debug */,
				884B5F2028A43E000022745E /* Release */,
			);
			defaultConfigurationIsVisible = 0;
			defaultConfigurationName = Release;
		};
/* End XCConfigurationList section */
	};
	rootObject = 884B5F0828A43DFC0022745E /* Project object */;
}
